{
  "name": "bjork_react-hookup",
  "version": "1.6.0",
  "lockfileVersion": 1,
  "requires": true,
  "dependencies": {
    "bjork_cookie": {
      "version": "1.1.0",
      "resolved": "https://registry.npmjs.org/bjork_cookie/-/bjork_cookie-1.1.0.tgz",
      "integrity": "sha512-K4p233z3SN7lL2gpFr3j1St4ujDqq8NNtdS/LpnFL6bbFb6nuVSP3pmIqf3R01fLACxIopmIJNgxrTq+dm15Vw=="
    },
    "bjork_restrain": {
      "version": "2.0.12",
      "resolved": "https://registry.npmjs.org/bjork_restrain/-/bjork_restrain-2.0.12.tgz",
      "integrity": "sha512-/tqndmQff/2goudWxpskqMX0809IvZSwRfaXABG99wNzKbO9b//naeAr0ii15NP3vVMaqTvnmPoR5+SfAEVpGA=="
    },
    "bjork_usestorage": {
      "version": "1.2.2",
      "resolved": "https://registry.npmjs.org/bjork_usestorage/-/bjork_usestorage-1.2.2.tgz",
      "integrity": "sha512-shVfpyLDDKZKkawlGrs0dEaUVGeCkTRIEbas8bH97pbldfrxd5K9kOcgHQ7xEinhsiFQKmZNYGoRKnY53uwVOg==",
      "requires": {
        "bjork_cookie": "^1.1.0"
      }
    }
  }
}
